// !$*UTF8*$!
{
	archiveVersion = 1;
	classes = {
	};
	objectVersion = 77;
	objects = {

/* Begin PBXBuildFile section */
		3C78399A2FD8B8520075C15F /* Auth in Frameworks */ = {isa = PBXBuildFile; productRef = 3C7839992FD8B8520075C15F /* Auth */; };
		3C78399C2FD8B8520075C15F /* Functions in Frameworks */ = {isa = PBXBuildFile; productRef = 3C78399B2FD8B8520075C15F /* Functions */; };
		3C78399E2FD8B8520075C15F /* PostgREST in Frameworks */ = {isa = PBXBuildFile; productRef = 3C78399D2FD8B8520075C15F /* PostgREST */; };
		3C7839A02FD8B8520075C15F /* Realtime in Frameworks */ = {isa = PBXBuildFile; productRef = 3C78399F2FD8B8520075C15F /* Realtime */; };
		3C7839A22FD8B8520075C15F /* Storage in Frameworks */ = {isa = PBXBuildFile; productRef = 3C7839A12FD8B8520075C15F /* Storage */; };
		3C7839A42FD8B8520075C15F /* Supabase in Frameworks */ = {isa = PBXBuildFile; productRef = 3C7839A32FD8B8520075C15F /* Supabase */; };
		D5DB86A00000000000000004 /* Dependencies in Frameworks */ = {isa = PBXBuildFile; productRef = D5DB86A00000000000000002 /* Dependencies */; };
		D5DB86A00000000000000005 /* DependenciesMacros in Frameworks */ = {isa = PBXBuildFile; productRef = D5DB86A00000000000000003 /* DependenciesMacros */; };
/* End PBXBuildFile section */

/* Begin PBXFileReference section */
		D5DB86742FC7EA0F006263A5 /* Homey.app */ = {isa = PBXFileReference; explicitFileType = wrapper.application; includeInIndex = 0; path = Homey.app; sourceTree = BUILT_PRODUCTS_DIR; };
/* End PBXFileReference section */

/* Begin PBXFileSystemSynchronizedRootGroup section */
		D5DB86762FC7EA0F006263A5 /* Homey */ = {
			isa = PBXFileSystemSynchronizedRootGroup;
			path = Homey;
			sourceTree = "<group>";
		};
/* End PBXFileSystemSynchronizedRootGroup section */

/* Begin PBXFrameworksBuildPhase section */
		D5DB86712FC7EA0F006263A5 /* Frameworks */ = {
			isa = PBXFrameworksBuildPhase;
			buildActionMask = 2147483647;
			files = (
				D5DB86A00000000000000004 /* Dependencies in Frameworks */,
				D5DB86A00000000000000005 /* DependenciesMacros in Frameworks */,
				3C7839A22FD8B8520075C15F /* Storage in Frameworks */,
				3C78399C2FD8B8520075C15F /* Functions in Frameworks */,
				3C7839A42FD8B8520075C15F /* Supabase in Frameworks */,
				3C7839A02FD8B8520075C15F /* Realtime in Frameworks */,
				3C78399A2FD8B8520075C15F /* Auth in Frameworks */,
				3C78399E2FD8B8520075C15F /* PostgREST in Frameworks */,
			);
			runOnlyForDeploymentPostprocessing = 0;
		};
/* End PBXFrameworksBuildPhase section */

/* Begin PBXGroup section */
		D5DB866B2FC7EA0F006263A5 = {
			isa = PBXGroup;
			children = (
				D5DB86762FC7EA0F006263A5 /* Homey */,
				D5DB86752FC7EA0F006263A5 /* Products */,
			);
			sourceTree = "<group>";
		};
		D5DB86752FC7EA0F006263A5 /* Products */ = {
			isa = PBXGroup;
			children = (
				D5DB86742FC7EA0F006263A5 /* Homey.app */,
			);
			name = Products;
			sourceTree = "<group>";
		};
/* End PBXGroup section */

/* Begin PBXNativeTarget section */
		D5DB86732FC7EA0F006263A5 /* Homey */ = {
			isa = PBXNativeTarget;
			buildConfigurationList = D5DB867F2FC7EA10006263A5 /* Build configuration list for PBXNativeTarget "Homey" */;
			buildPhases = (
				D5DB86702FC7EA0F006263A5 /* Sources */,
				D5DB86712FC7EA0F006263A5 /* Frameworks */,
				D5DB86722FC7EA0F006263A5 /* Resources */,
			);
			buildRules = (
			);
			dependencies = (
			);
			fileSystemSynchronizedGroups = (
				D5DB86762FC7EA0F006263A5 /* Homey */,
			);
			name = Homey;
			packageProductDependencies = (
				D5DB86A00000000000000002 /* Dependencies */,
				D5DB86A00000000000000003 /* DependenciesMacros */,
				3C7839992FD8B8520075C15F /* Auth */,
				3C78399B2FD8B8520075C15F /* Functions */,
				3C78399D2FD8B8520075C15F /* PostgREST */,
				3C78399F2FD8B8520075C15F /* Realtime */,
				3C7839A12FD8B8520075C15F /* Storage */,
				3C7839A32FD8B8520075C15F /* Supabase */,
			);
			productName = ChoreManagementApp;
			productReference = D5DB86742FC7EA0F006263A5 /* Homey.app */;
			productType = "com.apple.product-type.application";
		};
/* End PBXNativeTarget section */

/* Begin PBXProject section */
		D5DB866C2FC7EA0F006263A5 /* Project object */ = {
			isa = PBXProject;
			attributes = {
				BuildIndependentTargetsInParallel = 1;
				LastSwiftUpdateCheck = 2650;
				LastUpgradeCheck = 2650;
				TargetAttributes = {
					D5DB86732FC7EA0F006263A5 = {
						CreatedOnToolsVersion = 26.5;
					};
				};
			};
			buildConfigurationList = D5DB866F2FC7EA0F006263A5 /* Build configuration list for PBXProject "Homey" */;
			developmentRegion = en;
			hasScannedForEncodings = 0;
			knownRegions = (
				en,
				Base,
			);
			mainGroup = D5DB866B2FC7EA0F006263A5;
			minimizedProjectReferenceProxies = 1;
			packageReferences = (
				D5DB86A00000000000000001 /* XCRemoteSwiftPackageReference "swift-dependencies" */,
				3C7839982FD8B8520075C15F /* XCRemoteSwiftPackageReference "supabase-swift" */,
			);
			preferredProjectObjectVersion = 77;
			productRefGroup = D5DB86752FC7EA0F006263A5 /* Products */;
			projectDirPath = "";
			projectRoot = "";
			targets = (
				D5DB86732FC7EA0F006263A5 /* Homey */,
			);
		};
/* End PBXProject section */

/* Begin PBXResourcesBuildPhase section */
		D5DB86722FC7EA0F006263A5 /* Resources */ = {
			isa = PBXResourcesBuildPhase;
			buildActionMask = 2147483647;
			files = (
			);
			runOnlyForDeploymentPostprocessing = 0;
		};
/* End PBXResourcesBuildPhase section */

/* Begin PBXSourcesBuildPhase section */
		D5DB86702FC7EA0F006263A5 /* Sources */ = {
			isa = PBXSourcesBuildPhase;
			buildActionMask = 2147483647;
			files = (
			);
			runOnlyForDeploymentPostprocessing = 0;
		};
/* End PBXSourcesBuildPhase section */

/* Begin XCBuildConfiguration section */
		D5DB867D2FC7EA10006263A5 /* Debug */ = {
			isa = XCBuildConfiguration;
			buildSettings = {
				ALWAYS_SEARCH_USER_PATHS = NO;
				ASSETCATALOG_COMPILER_GENERATE_SWIFT_ASSET_SYMBOL_EXTENSIONS = YES;
				CLANG_ANALYZER_NONNULL = YES;
				CLANG_ANALYZER_NUMBER_OBJECT_CONVERSION = YES_AGGRESSIVE;
				CLANG_CXX_LANGUAGE_STANDARD = "gnu++20";
				CLANG_ENABLE_MODULES = YES;
				CLANG_ENABLE_OBJC_ARC = YES;
				CLANG_ENABLE_OBJC_WEAK = YES;
				CLANG_WARN_BLOCK_CAPTURE_AUTORELEASING = YES;
				CLANG_WARN_BOOL_CONVERSION = YES;
				CLANG_WARN_COMMA = YES;
				CLANG_WARN_CONSTANT_CONVERSION = YES;
				CLANG_WARN_DEPRECATED_OBJC_IMPLEMENTATIONS = YES;
				CLANG_WARN_DIRECT_OBJC_ISA_USAGE = YES_ERROR;
				CLANG_WARN_DOCUMENTATION_COMMENTS = YES;
				CLANG_WARN_EMPTY_BODY = YES;
				CLANG_WARN_ENUM_CONVERSION = YES;
				CLANG_WARN_INFINITE_RECURSION = YES;
				CLANG_WARN_INT_CONVERSION = YES;
				CLANG_WARN_NON_LITERAL_NULL_CONVERSION = YES;
				CLANG_WARN_OBJC_IMPLICIT_RETAIN_SELF = YES;
				CLANG_WARN_OBJC_LITERAL_CONVERSION = YES;
				CLANG_WARN_OBJC_ROOT_CLASS = YES_ERROR;
				CLANG_WARN_QUOTED_INCLUDE_IN_FRAMEWORK_HEADER = YES;
				CLANG_WARN_RANGE_LOOP_ANALYSIS = YES;
				CLANG_WARN_STRICT_PROTOTYPES = YES;
				CLANG_WARN_SUSPICIOUS_MOVE = YES;
				CLANG_WARN_UNGUARDED_AVAILABILITY = YES_AGGRESSIVE;
				CLANG_WARN_UNREACHABLE_CODE = YES;
				CLANG_WARN__DUPLICATE_METHOD_MATCH = YES;
				COPY_PHASE_STRIP = NO;
				DEBUG_INFORMATION_FORMAT = dwarf;
				DEVELOPMENT_TEAM = QCXC3VA695;
				ENABLE_STRICT_OBJC_MSGSEND = YES;
				ENABLE_TESTABILITY = YES;
				ENABLE_USER_SCRIPT_SANDBOXING = YES;
				GCC_C_LANGUAGE_STANDARD = gnu17;
				GCC_DYNAMIC_NO_PIC = NO;
				GCC_NO_COMMON_BLOCKS = YES;
				GCC_OPTIMIZATION_LEVEL = 0;
				GCC_PREPROCESSOR_DEFINITIONS = (
					"DEBUG=1",
					"$(inherited)",
				);
				GCC_WARN_64_TO_32_BIT_CONVERSION = YES;
				GCC_WARN_ABOUT_RETURN_TYPE = YES_ERROR;
				GCC_WARN_UNDECLARED_SELECTOR = YES;
				GCC_WARN_UNINITIALIZED_AUTOS = YES_AGGRESSIVE;
				GCC_WARN_UNUSED_FUNCTION = YES;
				GCC_WARN_UNUSED_VARIABLE = YES;
				IPHONEOS_DEPLOYMENT_TARGET = 26.5;
				LOCALIZATION_PREFERS_STRING_CATALOGS = YES;
				MTL_ENABLE_DEBUG_INFO = INCLUDE_SOURCE;
				MTL_FAST_MATH = YES;
				ONLY_ACTIVE_ARCH = YES;
				SDKROOT = iphoneos;
				SWIFT_ACTIVE_COMPILATION_CONDITIONS = "DEBUG $(inherited)";
				SWIFT_OPTIMIZATION_LEVEL = "-Onone";
			};
			name = Debug;
		};
		D5DB867E2FC7EA10006263A5 /* Release */ = {
			isa = XCBuildConfiguration;
			buildSettings = {
				ALWAYS_SEARCH_USER_PATHS = NO;
				ASSETCATALOG_COMPILER_GENERATE_SWIFT_ASSET_SYMBOL_EXTENSIONS = YES;
				CLANG_ANALYZER_NONNULL = YES;
				CLANG_ANALYZER_NUMBER_OBJECT_CONVERSION = YES_AGGRESSIVE;
				CLANG_CXX_LANGUAGE_STANDARD = "gnu++20";
				CLANG_ENABLE_MODULES = YES;
				CLANG_ENABLE_OBJC_ARC = YES;
				CLANG_ENABLE_OBJC_WEAK = YES;
				CLANG_WARN_BLOCK_CAPTURE_AUTORELEASING = YES;
				CLANG_WARN_BOOL_CONVERSION = YES;
				CLANG_WARN_COMMA = YES;
				CLANG_WARN_CONSTANT_CONVERSION = YES;
				CLANG_WARN_DEPRECATED_OBJC_IMPLEMENTATIONS = YES;
				CLANG_WARN_DIRECT_OBJC_ISA_USAGE = YES_ERROR;
				CLANG_WARN_DOCUMENTATION_COMMENTS = YES;
				CLANG_WARN_EMPTY_BODY = YES;
				CLANG_WARN_ENUM_CONVERSION = YES;
				CLANG_WARN_INFINITE_RECURSION = YES;
				CLANG_WARN_INT_CONVERSION = YES;
				CLANG_WARN_NON_LITERAL_NULL_CONVERSION = YES;
				CLANG_WARN_OBJC_IMPLICIT_RETAIN_SELF = YES;
				CLANG_WARN_OBJC_LITERAL_CONVERSION = YES;
				CLANG_WARN_OBJC_ROOT_CLASS = YES_ERROR;
				CLANG_WARN_QUOTED_INCLUDE_IN_FRAMEWORK_HEADER = YES;
				CLANG_WARN_RANGE_LOOP_ANALYSIS = YES;
				CLANG_WARN_STRICT_PROTOTYPES = YES;
				CLANG_WARN_SUSPICIOUS_MOVE = YES;
				CLANG_WARN_UNGUARDED_AVAILABILITY = YES_AGGRESSIVE;
				CLANG_WARN_UNREACHABLE_CODE = YES;
				CLANG_WARN__DUPLICATE_METHOD_MATCH = YES;
				COPY_PHASE_STRIP = NO;
				DEBUG_INFORMATION_FORMAT = "dwarf-with-dsym";
				DEVELOPMENT_TEAM = QCXC3VA695;
				ENABLE_NS_ASSERTIONS = NO;
				ENABLE_STRICT_OBJC_MSGSEND = YES;
				ENABLE_USER_SCRIPT_SANDBOXING = YES;
				GCC_C_LANGUAGE_STANDARD = gnu17;
				GCC_NO_COMMON_BLOCKS = YES;
				GCC_WARN_64_TO_32_BIT_CONVERSION = YES;
				GCC_WARN_ABOUT_RETURN_TYPE = YES_ERROR;
				GCC_WARN_UNDECLARED_SELECTOR = YES;
				GCC_WARN_UNINITIALIZED_AUTOS = YES_AGGRESSIVE;
				GCC_WARN_UNUSED_FUNCTION = YES;
				GCC_WARN_UNUSED_VARIABLE = YES;
				IPHONEOS_DEPLOYMENT_TARGET = 26.5;
				LOCALIZATION_PREFERS_STRING_CATALOGS = YES;
				MTL_ENABLE_DEBUG_INFO = NO;
				MTL_FAST_MATH = YES;
				SDKROOT = iphoneos;
				SWIFT_COMPILATION_MODE = wholemodule;
				VALIDATE_PRODUCT = YES;
			};
			name = Release;
		};
		D5DB86802FC7EA10006263A5 /* Debug */ = {
			isa = XCBuildConfiguration;
			buildSettings = {
				ASSETCATALOG_COMPILER_APPICON_NAME = AppIcon;
				ASSETCATALOG_COMPILER_GLOBAL_ACCENT_COLOR_NAME = AccentColor;
				CODE_SIGN_ENTITLEMENTS = Homey/Homey.entitlements;
				CODE_SIGN_STYLE = Automatic;
				CURRENT_PROJECT_VERSION = 1;
				DEVELOPMENT_TEAM = RL4D4674QY;
				ENABLE_PREVIEWS = YES;
				GENERATE_INFOPLIST_FILE = YES;
				INFOPLIST_KEY_CFBundleDisplayName = Homey;
				INFOPLIST_KEY_UIApplicationSceneManifest_Generation = YES;
				INFOPLIST_KEY_UIApplicationSupportsIndirectInputEvents = YES;
				INFOPLIST_KEY_UILaunchScreen_Generation = YES;
				INFOPLIST_KEY_UISupportedInterfaceOrientations_iPad = "UIInterfaceOrientationPortrait UIInterfaceOrientationPortraitUpsideDown UIInterfaceOrientationLandscapeLeft UIInterfaceOrientationLandscapeRight";
				INFOPLIST_KEY_UISupportedInterfaceOrientations_iPhone = "UIInterfaceOrientationPortrait UIInterfaceOrientationLandscapeLeft UIInterfaceOrientationLandscapeRight";
				IPHONEOS_DEPLOYMENT_TARGET = 26.0;
				LD_RUNPATH_SEARCH_PATHS = (
					"$(inherited)",
					"@executable_path/Frameworks",
				);
				MARKETING_VERSION = 1.0;
				PRODUCT_BUNDLE_IDENTIFIER = com.nadilaamelia.homey;
				PRODUCT_NAME = "$(TARGET_NAME)";
				STRING_CATALOG_GENERATE_SYMBOLS = YES;
				SWIFT_APPROACHABLE_CONCURRENCY = YES;
				SWIFT_DEFAULT_ACTOR_ISOLATION = MainActor;
				SWIFT_EMIT_LOC_STRINGS = YES;
				SWIFT_UPCOMING_FEATURE_MEMBER_IMPORT_VISIBILITY = YES;
				SWIFT_VERSION = 5.0;
				TARGETED_DEVICE_FAMILY = "1,2";
			};
			name = Debug;
		};
		D5DB86812FC7EA10006263A5 /* Release */ = {
			isa = XCBuildConfiguration;
			buildSettings = {
				ASSETCATALOG_COMPILER_APPICON_NAME = AppIcon;
				ASSETCATALOG_COMPILER_GLOBAL_ACCENT_COLOR_NAME = AccentColor;
				CODE_SIGN_ENTITLEMENTS = Homey/Homey.entitlements;
				CODE_SIGN_STYLE = Automatic;
				CURRENT_PROJECT_VERSION = 1;
				DEVELOPMENT_TEAM = RL4D4674QY;
				ENABLE_PREVIEWS = YES;
				GENERATE_INFOPLIST_FILE = YES;
				INFOPLIST_KEY_CFBundleDisplayName = Homey;
				INFOPLIST_KEY_UIApplicationSceneManifest_Generation = YES;
				INFOPLIST_KEY_UIApplicationSupportsIndirectInputEvents = YES;
				INFOPLIST_KEY_UILaunchScreen_Generation = YES;
				INFOPLIST_KEY_UISupportedInterfaceOrientations_iPad = "UIInterfaceOrientationPortrait UIInterfaceOrientationPortraitUpsideDown UIInterfaceOrientationLandscapeLeft UIInterfaceOrientationLandscapeRight";
				INFOPLIST_KEY_UISupportedInterfaceOrientations_iPhone = "UIInterfaceOrientationPortrait UIInterfaceOrientationLandscapeLeft UIInterfaceOrientationLandscapeRight";
				IPHONEOS_DEPLOYMENT_TARGET = 26.0;
				LD_RUNPATH_SEARCH_PATHS = (
					"$(inherited)",
					"@executable_path/Frameworks",
				);
				MARKETING_VERSION = 1.0;
				PRODUCT_BUNDLE_IDENTIFIER = com.nadilaamelia.homey;
				PRODUCT_NAME = "$(TARGET_NAME)";
				STRING_CATALOG_GENERATE_SYMBOLS = YES;
				SWIFT_APPROACHABLE_CONCURRENCY = YES;
				SWIFT_DEFAULT_ACTOR_ISOLATION = MainActor;
				SWIFT_EMIT_LOC_STRINGS = YES;
				SWIFT_UPCOMING_FEATURE_MEMBER_IMPORT_VISIBILITY = YES;
				SWIFT_VERSION = 5.0;
				TARGETED_DEVICE_FAMILY = "1,2";
			};
			name = Release;
		};
/* End XCBuildConfiguration section */

/* Begin XCConfigurationList section */
		D5DB866F2FC7EA0F006263A5 /* Build configuration list for PBXProject "Homey" */ = {
			isa = XCConfigurationList;
			buildConfigurations = (
				D5DB867D2FC7EA10006263A5 /* Debug */,
				D5DB867E2FC7EA10006263A5 /* Release */,
			);
			defaultConfigurationIsVisible = 0;
			defaultConfigurationName = Release;
		};
		D5DB867F2FC7EA10006263A5 /* Build configuration list for PBXNativeTarget "Homey" */ = {
			isa = XCConfigurationList;
			buildConfigurations = (
				D5DB86802FC7EA10006263A5 /* Debug */,
				D5DB86812FC7EA10006263A5 /* Release */,
			);
			defaultConfigurationIsVisible = 0;
			defaultConfigurationName = Release;
		};
/* End XCConfigurationList section */

/* Begin XCRemoteSwiftPackageReference section */
		3C7839982FD8B8520075C15F /* XCRemoteSwiftPackageReference "supabase-swift" */ = {
			isa = XCRemoteSwiftPackageReference;
			repositoryURL = "https://github.com/supabase/supabase-swift";
			requirement = {
				kind = upToNextMajorVersion;
				minimumVersion = 2.5.1;
			};
		};
		D5DB86A00000000000000001 /* XCRemoteSwiftPackageReference "swift-dependencies" */ = {
			isa = XCRemoteSwiftPackageReference;
			repositoryURL = "https://github.com/pointfreeco/swift-dependencies";
			requirement = {
				kind = upToNextMajorVersion;
				minimumVersion = 1.0.0;
			};
		};
/* End XCRemoteSwiftPackageReference section */

/* Begin XCSwiftPackageProductDependency section */
		3C7839992FD8B8520075C15F /* Auth */ = {
			isa = XCSwiftPackageProductDependency;
			package = 3C7839982FD8B8520075C15F /* XCRemoteSwiftPackageReference "supabase-swift" */;
			productName = Auth;
		};
		3C78399B2FD8B8520075C15F /* Functions */ = {
			isa = XCSwiftPackageProductDependency;
			package = 3C7839982FD8B8520075C15F /* XCRemoteSwiftPackageReference "supabase-swift" */;
			productName = Functions;
		};
		3C78399D2FD8B8520075C15F /* PostgREST */ = {
			isa = XCSwiftPackageProductDependency;
			package = 3C7839982FD8B8520075C15F /* XCRemoteSwiftPackageReference "supabase-swift" */;
			productName = PostgREST;
		};
		3C78399F2FD8B8520075C15F /* Realtime */ = {
			isa = XCSwiftPackageProductDependency;
			package = 3C7839982FD8B8520075C15F /* XCRemoteSwiftPackageReference "supabase-swift" */;
			productName = Realtime;
		};
		3C7839A12FD8B8520075C15F /* Storage */ = {
			isa = XCSwiftPackageProductDependency;
			package = 3C7839982FD8B8520075C15F /* XCRemoteSwiftPackageReference "supabase-swift" */;
			productName = Storage;
		};
		3C7839A32FD8B8520075C15F /* Supabase */ = {
			isa = XCSwiftPackageProductDependency;
			package = 3C7839982FD8B8520075C15F /* XCRemoteSwiftPackageReference "supabase-swift" */;
			productName = Supabase;
		};
		D5DB86A00000000000000002 /* Dependencies */ = {
			isa = XCSwiftPackageProductDependency;
			package = D5DB86A00000000000000001 /* XCRemoteSwiftPackageReference "swift-dependencies" */;
			productName = Dependencies;
		};
		D5DB86A00000000000000003 /* DependenciesMacros */ = {
			isa = XCSwiftPackageProductDependency;
			package = D5DB86A00000000000000001 /* XCRemoteSwiftPackageReference "swift-dependencies" */;
			productName = DependenciesMacros;
		};
/* End XCSwiftPackageProductDependency section */
	};
	rootObject = D5DB866C2FC7EA0F006263A5 /* Project object */;
}
